
Microsoft Visual Studio Solution File, Format Version 12.00
# Visual Studio 2013
VisualStudioVersion = 12.0.31101.0
MinimumVisualStudioVersion = 10.0.40219.1
Project("{FAE04EC0-301F-11D3-BF4B-00C04F79EFBC}") = "Penjadwalan Perkuliahan Algoritma Genetika", "Penjadwalan Perkuliahan Algoritma Genetika\Penjadwalan Perkuliahan Algoritma Genetika.csproj", "{947045FD-1579-44F7-A89C-A87E8F8C5FC5}"
EndProject
Global
	GlobalSection(SolutionConfigurationPlatforms) = preSolution
		Debug|Any CPU = Debug|Any CPU
		Release|Any CPU = Release|Any CPU
	EndGlobalSection
	GlobalSection(ProjectConfigurationPlatforms) = postSolution
		{947045FD-1579-44F7-A89C-A87E8F8C5FC5}.Debug|Any CPU.ActiveCfg = Debug|Any CPU
		{947045FD-1579-44F7-A89C-A87E8F8C5FC5}.Debug|Any CPU.Build.0 = Debug|Any CPU
		{947045FD-1579-44F7-A89C-A87E8F8C5FC5}.Release|Any CPU.ActiveCfg = Release|Any CPU
		{947045FD-1579-44F7-A89C-A87E8F8C5FC5}.Release|Any CPU.Build.0 = Release|Any CPU
	EndGlobalSection
	GlobalSection(SolutionProperties) = preSolution
		HideSolutionNode = FALSE
	EndGlobalSection
EndGlobal
